// !$*UTF8*$!
{
	archiveVersion = 1;
	classes = {
	};
	objectVersion = 48;
	objects = {

/* Begin PBXBuildFile section */
		F3A5CDB7201E85C30099034A /* AppDelegate.swift in Sources */ = {isa = PBXBuildFile; fileRef = F3A5CDB6201E85C30099034A /* AppDelegate.swift */; };
		F3A5CDB9201E85C30099034A /* ViewController.swift in Sources */ = {isa = PBXBuildFile; fileRef = F3A5CDB8201E85C30099034A /* ViewController.swift */; };
		F3A5CDBB201E85C30099034A /* Assets.xcassets in Resources */ = {isa = PBXBuildFile; fileRef = F3A5CDBA201E85C30099034A /* Assets.xcassets */; };
		F3A5CDBE201E85C30099034A /* Main.storyboard in Resources */ = {isa = PBXBuildFile; fileRef = F3A5CDBC201E85C30099034A /* Main.storyboard */; };
		F3A5CDCA201E85C40099034A /* ExcryptoTests.swift in Sources */ = {isa = PBXBuildFile; fileRef = F3A5CDC9201E85C40099034A /* ExcryptoTests.swift */; };
		F3A5CDEC201E88D60099034A /* Guise.framework in Frameworks */ = {isa = PBXBuildFile; fileRef = F3A5CDE3201E88BB0099034A /* Guise.framework */; };
		F3A5CDED201E88D60099034A /* Guise.framework in Embed Frameworks */ = {isa = PBXBuildFile; fileRef = F3A5CDE3201E88BB0099034A /* Guise.framework */; settings = {ATTRIBUTES = (CodeSignOnCopy, RemoveHeadersOnCopy, ); }; };
		F3BA3A60201EDCBA0009FB37 /* Api.swift in Sources */ = {isa = PBXBuildFile; fileRef = F3BA3A5F201EDCBA0009FB37 /* Api.swift */; };
		F3BA3A68201EDCCF0009FB37 /* Result.swift in Sources */ = {isa = PBXBuildFile; fileRef = F3BA3A67201EDCCF0009FB37 /* Result.swift */; };
		F3BA3A6A201EDDD30009FB37 /* RateInfo.swift in Sources */ = {isa = PBXBuildFile; fileRef = F3BA3A69201EDDD30009FB37 /* RateInfo.swift */; };
/* End PBXBuildFile section */

/* Begin PBXContainerItemProxy section */
		F3A5CDC6201E85C40099034A /* PBXContainerItemProxy */ = {
			isa = PBXContainerItemProxy;
			containerPortal = F3A5CDAB201E85C30099034A /* Project object */;
			proxyType = 1;
			remoteGlobalIDString = F3A5CDB2201E85C30099034A;
			remoteInfo = Excrypto;
		};
		F3A5CDDE201E88BB0099034A /* PBXContainerItemProxy */ = {
			isa = PBXContainerItemProxy;
			containerPortal = F3A5CDD4201E88BB0099034A /* Guise.xcodeproj */;
			proxyType = 2;
			remoteGlobalIDString = F3C3ED6E1C8D64FF00FD8E4D;
			remoteInfo = "Guise iOS";
		};
		F3A5CDE0201E88BB0099034A /* PBXContainerItemProxy */ = {
			isa = PBXContainerItemProxy;
			containerPortal = F3A5CDD4201E88BB0099034A /* Guise.xcodeproj */;
			proxyType = 2;
			remoteGlobalIDString = F3C3ED781C8D64FF00FD8E4D;
			remoteInfo = "GuiseTests iOS";
		};
		F3A5CDE2201E88BB0099034A /* PBXContainerItemProxy */ = {
			isa = PBXContainerItemProxy;
			containerPortal = F3A5CDD4201E88BB0099034A /* Guise.xcodeproj */;
			proxyType = 2;
			remoteGlobalIDString = F3C3ED8F1C8D695C00FD8E4D;
			remoteInfo = "Guise OSX";
		};
		F3A5CDE4201E88BB0099034A /* PBXContainerItemProxy */ = {
			isa = PBXContainerItemProxy;
			containerPortal = F3A5CDD4201E88BB0099034A /* Guise.xcodeproj */;
			proxyType = 2;
			remoteGlobalIDString = F3C3ED981C8D695C00FD8E4D;
			remoteInfo = "GuiseTests OSX";
		};
		F3A5CDE6201E88BB0099034A /* PBXContainerItemProxy */ = {
			isa = PBXContainerItemProxy;
			containerPortal = F3A5CDD4201E88BB0099034A /* Guise.xcodeproj */;
			proxyType = 2;
			remoteGlobalIDString = F3700B661DB7826900DDB218;
			remoteInfo = "Guise tvOS";
		};
		F3A5CDE8201E88BB0099034A /* PBXContainerItemProxy */ = {
			isa = PBXContainerItemProxy;
			containerPortal = F3A5CDD4201E88BB0099034A /* Guise.xcodeproj */;
			proxyType = 2;
			remoteGlobalIDString = F3700B6E1DB7826900DDB218;
			remoteInfo = "GuiseTests tvOS";
		};
		F3A5CDEA201E88BB0099034A /* PBXContainerItemProxy */ = {
			isa = PBXContainerItemProxy;
			containerPortal = F3A5CDD4201E88BB0099034A /* Guise.xcodeproj */;
			proxyType = 2;
			remoteGlobalIDString = F343A9EC1DB7867600B1000F;
			remoteInfo = "Guise watchOS";
		};
		F3A5CDEE201E88D60099034A /* PBXContainerItemProxy */ = {
			isa = PBXContainerItemProxy;
			containerPortal = F3A5CDD4201E88BB0099034A /* Guise.xcodeproj */;
			proxyType = 1;
			remoteGlobalIDString = F3C3ED8E1C8D695C00FD8E4D;
			remoteInfo = "Guise OSX";
		};
/* End PBXContainerItemProxy section */

/* Begin PBXCopyFilesBuildPhase section */
		F3A5CDF0201E88D60099034A /* Embed Frameworks */ = {
			isa = PBXCopyFilesBuildPhase;
			buildActionMask = 2147483647;
			dstPath = "";
			dstSubfolderSpec = 10;
			files = (
				F3A5CDED201E88D60099034A /* Guise.framework in Embed Frameworks */,
			);
			name = "Embed Frameworks";
			runOnlyForDeploymentPostprocessing = 0;
		};
/* End PBXCopyFilesBuildPhase section */

/* Begin PBXFileReference section */
		F3A5CDB3201E85C30099034A /* Excrypto.app */ = {isa = PBXFileReference; explicitFileType = wrapper.application; includeInIndex = 0; path = Excrypto.app; sourceTree = BUILT_PRODUCTS_DIR; };
		F3A5CDB6201E85C30099034A /* AppDelegate.swift */ = {isa = PBXFileReference; lastKnownFileType = sourcecode.swift; path = AppDelegate.swift; sourceTree = "<group>"; };
		F3A5CDB8201E85C30099034A /* ViewController.swift */ = {isa = PBXFileReference; lastKnownFileType = sourcecode.swift; path = ViewController.swift; sourceTree = "<group>"; };
		F3A5CDBA201E85C30099034A /* Assets.xcassets */ = {isa = PBXFileReference; lastKnownFileType = folder.assetcatalog; path = Assets.xcassets; sourceTree = "<group>"; };
		F3A5CDBD201E85C30099034A /* Base */ = {isa = PBXFileReference; lastKnownFileType = file.storyboard; name = Base; path = Base.lproj/Main.storyboard; sourceTree = "<group>"; };
		F3A5CDBF201E85C30099034A /* Info.plist */ = {isa = PBXFileReference; lastKnownFileType = text.plist.xml; path = Info.plist; sourceTree = "<group>"; };
		F3A5CDC0201E85C30099034A /* Excrypto.entitlements */ = {isa = PBXFileReference; lastKnownFileType = text.plist.entitlements; path = Excrypto.entitlements; sourceTree = "<group>"; };
		F3A5CDC5201E85C40099034A /* ExcryptoTests.xctest */ = {isa = PBXFileReference; explicitFileType = wrapper.cfbundle; includeInIndex = 0; path = ExcryptoTests.xctest; sourceTree = BUILT_PRODUCTS_DIR; };
		F3A5CDC9201E85C40099034A /* ExcryptoTests.swift */ = {isa = PBXFileReference; lastKnownFileType = sourcecode.swift; path = ExcryptoTests.swift; sourceTree = "<group>"; };
		F3A5CDCB201E85C40099034A /* Info.plist */ = {isa = PBXFileReference; lastKnownFileType = text.plist.xml; path = Info.plist; sourceTree = "<group>"; };
		F3A5CDD4201E88BB0099034A /* Guise.xcodeproj */ = {isa = PBXFileReference; lastKnownFileType = "wrapper.pb-project"; name = Guise.xcodeproj; path = ../../Guise.xcodeproj; sourceTree = "<group>"; };
		F3BA3A5F201EDCBA0009FB37 /* Api.swift */ = {isa = PBXFileReference; lastKnownFileType = sourcecode.swift; path = Api.swift; sourceTree = "<group>"; };
		F3BA3A67201EDCCF0009FB37 /* Result.swift */ = {isa = PBXFileReference; lastKnownFileType = sourcecode.swift; path = Result.swift; sourceTree = "<group>"; };
		F3BA3A69201EDDD30009FB37 /* RateInfo.swift */ = {isa = PBXFileReference; lastKnownFileType = sourcecode.swift; path = RateInfo.swift; sourceTree = "<group>"; };
/* End PBXFileReference section */

/* Begin PBXFrameworksBuildPhase section */
		F3A5CDB0201E85C30099034A /* Frameworks */ = {
			isa = PBXFrameworksBuildPhase;
			buildActionMask = 2147483647;
			files = (
				F3A5CDEC201E88D60099034A /* Guise.framework in Frameworks */,
			);
			runOnlyForDeploymentPostprocessing = 0;
		};
		F3A5CDC2201E85C40099034A /* Frameworks */ = {
			isa = PBXFrameworksBuildPhase;
			buildActionMask = 2147483647;
			files = (
			);
			runOnlyForDeploymentPostprocessing = 0;
		};
/* End PBXFrameworksBuildPhase section */

/* Begin PBXGroup section */
		F3A5CDAA201E85C30099034A = {
			isa = PBXGroup;
			children = (
				F3A5CDD4201E88BB0099034A /* Guise.xcodeproj */,
				F3A5CDB5201E85C30099034A /* Excrypto */,
				F3A5CDC8201E85C40099034A /* ExcryptoTests */,
				F3A5CDB4201E85C30099034A /* Products */,
			);
			sourceTree = "<group>";
		};
		F3A5CDB4201E85C30099034A /* Products */ = {
			isa = PBXGroup;
			children = (
				F3A5CDB3201E85C30099034A /* Excrypto.app */,
				F3A5CDC5201E85C40099034A /* ExcryptoTests.xctest */,
			);
			name = Products;
			sourceTree = "<group>";
		};
		F3A5CDB5201E85C30099034A /* Excrypto */ = {
			isa = PBXGroup;
			children = (
				F3A5CDB6201E85C30099034A /* AppDelegate.swift */,
				F3A5CDB8201E85C30099034A /* ViewController.swift */,
				F3A5CDBA201E85C30099034A /* Assets.xcassets */,
				F3A5CDBC201E85C30099034A /* Main.storyboard */,
				F3A5CDBF201E85C30099034A /* Info.plist */,
				F3A5CDC0201E85C30099034A /* Excrypto.entitlements */,
				F3BA3A5F201EDCBA0009FB37 /* Api.swift */,
				F3BA3A67201EDCCF0009FB37 /* Result.swift */,
				F3BA3A69201EDDD30009FB37 /* RateInfo.swift */,
			);
			path = Excrypto;
			sourceTree = "<group>";
		};
		F3A5CDC8201E85C40099034A /* ExcryptoTests */ = {
			isa = PBXGroup;
			children = (
				F3A5CDC9201E85C40099034A /* ExcryptoTests.swift */,
				F3A5CDCB201E85C40099034A /* Info.plist */,
			);
			path = ExcryptoTests;
			sourceTree = "<group>";
		};
		F3A5CDD5201E88BB0099034A /* Products */ = {
			isa = PBXGroup;
			children = (
				F3A5CDDF201E88BB0099034A /* Guise.framework */,
				F3A5CDE1201E88BB0099034A /* GuiseTests.xctest */,
				F3A5CDE3201E88BB0099034A /* Guise.framework */,
				F3A5CDE5201E88BB0099034A /* GuiseTests.xctest */,
				F3A5CDE7201E88BB0099034A /* Guise.framework */,
				F3A5CDE9201E88BB0099034A /* GuiseTests.xctest */,
				F3A5CDEB201E88BB0099034A /* Guise.framework */,
			);
			name = Products;
			sourceTree = "<group>";
		};
/* End PBXGroup section */

/* Begin PBXNativeTarget section */
		F3A5CDB2201E85C30099034A /* Excrypto */ = {
			isa = PBXNativeTarget;
			buildConfigurationList = F3A5CDCE201E85C40099034A /* Build configuration list for PBXNativeTarget "Excrypto" */;
			buildPhases = (
				F3A5CDAF201E85C30099034A /* Sources */,
				F3A5CDB0201E85C30099034A /* Frameworks */,
				F3A5CDB1201E85C30099034A /* Resources */,
				F3A5CDF0201E88D60099034A /* Embed Frameworks */,
			);
			buildRules = (
			);
			dependencies = (
				F3A5CDEF201E88D60099034A /* PBXTargetDependency */,
			);
			name = Excrypto;
			productName = Excrypto;
			productReference = F3A5CDB3201E85C30099034A /* Excrypto.app */;
			productType = "com.apple.product-type.application";
		};
		F3A5CDC4201E85C40099034A /* ExcryptoTests */ = {
			isa = PBXNativeTarget;
			buildConfigurationList = F3A5CDD1201E85C40099034A /* Build configuration list for PBXNativeTarget "ExcryptoTests" */;
			buildPhases = (
				F3A5CDC1201E85C40099034A /* Sources */,
				F3A5CDC2201E85C40099034A /* Frameworks */,
				F3A5CDC3201E85C40099034A /* Resources */,
			);
			buildRules = (
			);
			dependencies = (
				F3A5CDC7201E85C40099034A /* PBXTargetDependency */,
			);
			name = ExcryptoTests;
			productName = ExcryptoTests;
			productReference = F3A5CDC5201E85C40099034A /* ExcryptoTests.xctest */;
			productType = "com.apple.product-type.bundle.unit-test";
		};
/* End PBXNativeTarget section */

/* Begin PBXProject section */
		F3A5CDAB201E85C30099034A /* Project object */ = {
			isa = PBXProject;
			attributes = {
				LastSwiftUpdateCheck = 0920;
				LastUpgradeCheck = 0920;
				ORGANIZATIONNAME = Prosumma;
				TargetAttributes = {
					F3A5CDB2201E85C30099034A = {
						CreatedOnToolsVersion = 9.2;
						ProvisioningStyle = Automatic;
					};
					F3A5CDC4201E85C40099034A = {
						CreatedOnToolsVersion = 9.2;
						ProvisioningStyle = Automatic;
						TestTargetID = F3A5CDB2201E85C30099034A;
					};
				};
			};
			buildConfigurationList = F3A5CDAE201E85C30099034A /* Build configuration list for PBXProject "Excrypto" */;
			compatibilityVersion = "Xcode 8.0";
			developmentRegion = en;
			hasScannedForEncodings = 0;
			knownRegions = (
				en,
				Base,
			);
			mainGroup = F3A5CDAA201E85C30099034A;
			productRefGroup = F3A5CDB4201E85C30099034A /* Products */;
			projectDirPath = "";
			projectReferences = (
				{
					ProductGroup = F3A5CDD5201E88BB0099034A /* Products */;
					ProjectRef = F3A5CDD4201E88BB0099034A /* Guise.xcodeproj */;
				},
			);
			projectRoot = "";
			targets = (
				F3A5CDB2201E85C30099034A /* Excrypto */,
				F3A5CDC4201E85C40099034A /* ExcryptoTests */,
			);
		};
/* End PBXProject section */

/* Begin PBXReferenceProxy section */
		F3A5CDDF201E88BB0099034A /* Guise.framework */ = {
			isa = PBXReferenceProxy;
			fileType = wrapper.framework;
			path = Guise.framework;
			remoteRef = F3A5CDDE201E88BB0099034A /* PBXContainerItemProxy */;
			sourceTree = BUILT_PRODUCTS_DIR;
		};
		F3A5CDE1201E88BB0099034A /* GuiseTests.xctest */ = {
			isa = PBXReferenceProxy;
			fileType = wrapper.cfbundle;
			path = GuiseTests.xctest;
			remoteRef = F3A5CDE0201E88BB0099034A /* PBXContainerItemProxy */;
			sourceTree = BUILT_PRODUCTS_DIR;
		};
		F3A5CDE3201E88BB0099034A /* Guise.framework */ = {
			isa = PBXReferenceProxy;
			fileType = wrapper.framework;
			path = Guise.framework;
			remoteRef = F3A5CDE2201E88BB0099034A /* PBXContainerItemProxy */;
			sourceTree = BUILT_PRODUCTS_DIR;
		};
		F3A5CDE5201E88BB0099034A /* GuiseTests.xctest */ = {
			isa = PBXReferenceProxy;
			fileType = wrapper.cfbundle;
			path = GuiseTests.xctest;
			remoteRef = F3A5CDE4201E88BB0099034A /* PBXContainerItemProxy */;
			sourceTree = BUILT_PRODUCTS_DIR;
		};
		F3A5CDE7201E88BB0099034A /* Guise.framework */ = {
			isa = PBXReferenceProxy;
			fileType = wrapper.framework;
			path = Guise.framework;
			remoteRef = F3A5CDE6201E88BB0099034A /* PBXContainerItemProxy */;
			sourceTree = BUILT_PRODUCTS_DIR;
		};
		F3A5CDE9201E88BB0099034A /* GuiseTests.xctest */ = {
			isa = PBXReferenceProxy;
			fileType = wrapper.cfbundle;
			path = GuiseTests.xctest;
			remoteRef = F3A5CDE8201E88BB0099034A /* PBXContainerItemProxy */;
			sourceTree = BUILT_PRODUCTS_DIR;
		};
		F3A5CDEB201E88BB0099034A /* Guise.framework */ = {
			isa = PBXReferenceProxy;
			fileType = wrapper.framework;
			path = Guise.framework;
			remoteRef = F3A5CDEA201E88BB0099034A /* PBXContainerItemProxy */;
			sourceTree = BUILT_PRODUCTS_DIR;
		};
/* End PBXReferenceProxy section */

/* Begin PBXResourcesBuildPhase section */
		F3A5CDB1201E85C30099034A /* Resources */ = {
			isa = PBXResourcesBuildPhase;
			buildActionMask = 2147483647;
			files = (
				F3A5CDBB201E85C30099034A /* Assets.xcassets in Resources */,
				F3A5CDBE201E85C30099034A /* Main.storyboard in Resources */,
			);
			runOnlyForDeploymentPostprocessing = 0;
		};
		F3A5CDC3201E85C40099034A /* Resources */ = {
			isa = PBXResourcesBuildPhase;
			buildActionMask = 2147483647;
			files = (
			);
			runOnlyForDeploymentPostprocessing = 0;
		};
/* End PBXResourcesBuildPhase section */

/* Begin PBXSourcesBuildPhase section */
		F3A5CDAF201E85C30099034A /* Sources */ = {
			isa = PBXSourcesBuildPhase;
			buildActionMask = 2147483647;
			files = (
				F3BA3A60201EDCBA0009FB37 /* Api.swift in Sources */,
				F3A5CDB9201E85C30099034A /* ViewController.swift in Sources */,
				F3BA3A6A201EDDD30009FB37 /* RateInfo.swift in Sources */,
				F3BA3A68201EDCCF0009FB37 /* Result.swift in Sources */,
				F3A5CDB7201E85C30099034A /* AppDelegate.swift in Sources */,
			);
			runOnlyForDeploymentPostprocessing = 0;
		};
		F3A5CDC1201E85C40099034A /* Sources */ = {
			isa = PBXSourcesBuildPhase;
			buildActionMask = 2147483647;
			files = (
				F3A5CDCA201E85C40099034A /* ExcryptoTests.swift in Sources */,
			);
			runOnlyForDeploymentPostprocessing = 0;
		};
/* End PBXSourcesBuildPhase section */

/* Begin PBXTargetDependency section */
		F3A5CDC7201E85C40099034A /* PBXTargetDependency */ = {
			isa = PBXTargetDependency;
			target = F3A5CDB2201E85C30099034A /* Excrypto */;
			targetProxy = F3A5CDC6201E85C40099034A /* PBXContainerItemProxy */;
		};
		F3A5CDEF201E88D60099034A /* PBXTargetDependency */ = {
			isa = PBXTargetDependency;
			name = "Guise OSX";
			targetProxy = F3A5CDEE201E88D60099034A /* PBXContainerItemProxy */;
		};
/* End PBXTargetDependency section */

/* Begin PBXVariantGroup section */
		F3A5CDBC201E85C30099034A /* Main.storyboard */ = {
			isa = PBXVariantGroup;
			children = (
				F3A5CDBD201E85C30099034A /* Base */,
			);
			name = Main.storyboard;
			sourceTree = "<group>";
		};
/* End PBXVariantGroup section */

/* Begin XCBuildConfiguration section */
		F3A5CDCC201E85C40099034A /* Debug */ = {
			isa = XCBuildConfiguration;
			buildSettings = {
				ALWAYS_SEARCH_USER_PATHS = NO;
				CLANG_ANALYZER_NONNULL = YES;
				CLANG_ANALYZER_NUMBER_OBJECT_CONVERSION = YES_AGGRESSIVE;
				CLANG_CXX_LANGUAGE_STANDARD = "gnu++14";
				CLANG_CXX_LIBRARY = "libc++";
				CLANG_ENABLE_MODULES = YES;
				CLANG_ENABLE_OBJC_ARC = YES;
				CLANG_WARN_BLOCK_CAPTURE_AUTORELEASING = YES;
				CLANG_WARN_BOOL_CONVERSION = YES;
				CLANG_WARN_COMMA = YES;
				CLANG_WARN_CONSTANT_CONVERSION = YES;
				CLANG_WARN_DIRECT_OBJC_ISA_USAGE = YES_ERROR;
				CLANG_WARN_DOCUMENTATION_COMMENTS = YES;
				CLANG_WARN_EMPTY_BODY = YES;
				CLANG_WARN_ENUM_CONVERSION = YES;
				CLANG_WARN_INFINITE_RECURSION = YES;
				CLANG_WARN_INT_CONVERSION = YES;
				CLANG_WARN_NON_LITERAL_NULL_CONVERSION = YES;
				CLANG_WARN_OBJC_LITERAL_CONVERSION = YES;
				CLANG_WARN_OBJC_ROOT_CLASS = YES_ERROR;
				CLANG_WARN_RANGE_LOOP_ANALYSIS = YES;
				CLANG_WARN_STRICT_PROTOTYPES = YES;
				CLANG_WARN_SUSPICIOUS_MOVE = YES;
				CLANG_WARN_UNGUARDED_AVAILABILITY = YES_AGGRESSIVE;
				CLANG_WARN_UNREACHABLE_CODE = YES;
				CLANG_WARN__DUPLICATE_METHOD_MATCH = YES;
				CODE_SIGN_IDENTITY = "-";
				COPY_PHASE_STRIP = NO;
				DEBUG_INFORMATION_FORMAT = dwarf;
				ENABLE_STRICT_OBJC_MSGSEND = YES;
				ENABLE_TESTABILITY = YES;
				GCC_C_LANGUAGE_STANDARD = gnu11;
				GCC_DYNAMIC_NO_PIC = NO;
				GCC_NO_COMMON_BLOCKS = YES;
				GCC_OPTIMIZATION_LEVEL = 0;
				GCC_PREPROCESSOR_DEFINITIONS = (
					"DEBUG=1",
					"$(inherited)",
				);
				GCC_WARN_64_TO_32_BIT_CONVERSION = YES;
				GCC_WARN_ABOUT_RETURN_TYPE = YES_ERROR;
				GCC_WARN_UNDECLARED_SELECTOR = YES;
				GCC_WARN_UNINITIALIZED_AUTOS = YES_AGGRESSIVE;
				GCC_WARN_UNUSED_FUNCTION = YES;
				GCC_WARN_UNUSED_VARIABLE = YES;
				MACOSX_DEPLOYMENT_TARGET = 10.13;
				MTL_ENABLE_DEBUG_INFO = YES;
				ONLY_ACTIVE_ARCH = YES;
				SDKROOT = macosx;
				SWIFT_ACTIVE_COMPILATION_CONDITIONS = DEBUG;
				SWIFT_OPTIMIZATION_LEVEL = "-Onone";
			};
			name = Debug;
		};
		F3A5CDCD201E85C40099034A /* Release */ = {
			isa = XCBuildConfiguration;
			buildSettings = {
				ALWAYS_SEARCH_USER_PATHS = NO;
				CLANG_ANALYZER_NONNULL = YES;
				CLANG_ANALYZER_NUMBER_OBJECT_CONVERSION = YES_AGGRESSIVE;
				CLANG_CXX_LANGUAGE_STANDARD = "gnu++14";
				CLANG_CXX_LIBRARY = "libc++";
				CLANG_ENABLE_MODULES = YES;
				CLANG_ENABLE_OBJC_ARC = YES;
				CLANG_WARN_BLOCK_CAPTURE_AUTORELEASING = YES;
				CLANG_WARN_BOOL_CONVERSION = YES;
				CLANG_WARN_COMMA = YES;
				CLANG_WARN_CONSTANT_CONVERSION = YES;
				CLANG_WARN_DIRECT_OBJC_ISA_USAGE = YES_ERROR;
				CLANG_WARN_DOCUMENTATION_COMMENTS = YES;
				CLANG_WARN_EMPTY_BODY = YES;
				CLANG_WARN_ENUM_CONVERSION = YES;
				CLANG_WARN_INFINITE_RECURSION = YES;
				CLANG_WARN_INT_CONVERSION = YES;
				CLANG_WARN_NON_LITERAL_NULL_CONVERSION = YES;
				CLANG_WARN_OBJC_LITERAL_CONVERSION = YES;
				CLANG_WARN_OBJC_ROOT_CLASS = YES_ERROR;
				CLANG_WARN_RANGE_LOOP_ANALYSIS = YES;
				CLANG_WARN_STRICT_PROTOTYPES = YES;
				CLANG_WARN_SUSPICIOUS_MOVE = YES;
				CLANG_WARN_UNGUARDED_AVAILABILITY = YES_AGGRESSIVE;
				CLANG_WARN_UNREACHABLE_CODE = YES;
				CLANG_WARN__DUPLICATE_METHOD_MATCH = YES;
				CODE_SIGN_IDENTITY = "-";
				COPY_PHASE_STRIP = NO;
				DEBUG_INFORMATION_FORMAT = "dwarf-with-dsym";
				ENABLE_NS_ASSERTIONS = NO;
				ENABLE_STRICT_OBJC_MSGSEND = YES;
				GCC_C_LANGUAGE_STANDARD = gnu11;
				GCC_NO_COMMON_BLOCKS = YES;
				GCC_WARN_64_TO_32_BIT_CONVERSION = YES;
				GCC_WARN_ABOUT_RETURN_TYPE = YES_ERROR;
				GCC_WARN_UNDECLARED_SELECTOR = YES;
				GCC_WARN_UNINITIALIZED_AUTOS = YES_AGGRESSIVE;
				GCC_WARN_UNUSED_FUNCTION = YES;
				GCC_WARN_UNUSED_VARIABLE = YES;
				MACOSX_DEPLOYMENT_TARGET = 10.13;
				MTL_ENABLE_DEBUG_INFO = NO;
				SDKROOT = macosx;
				SWIFT_OPTIMIZATION_LEVEL = "-Owholemodule";
			};
			name = Release;
		};
		F3A5CDCF201E85C40099034A /* Debug */ = {
			isa = XCBuildConfiguration;
			buildSettings = {
				ALWAYS_EMBED_SWIFT_STANDARD_LIBRARIES = YES;
				ASSETCATALOG_COMPILER_APPICON_NAME = AppIcon;
				CODE_SIGN_ENTITLEMENTS = Excrypto/Excrypto.entitlements;
				CODE_SIGN_STYLE = Automatic;
				COMBINE_HIDPI_IMAGES = YES;
				INFOPLIST_FILE = Excrypto/Info.plist;
				LD_RUNPATH_SEARCH_PATHS = "$(inherited) @executable_path/../Frameworks";
				PRODUCT_BUNDLE_IDENTIFIER = com.prosumma.Excrypto;
				PRODUCT_NAME = "$(TARGET_NAME)";
				SWIFT_VERSION = 4.0;
			};
			name = Debug;
		};
		F3A5CDD0201E85C40099034A /* Release */ = {
			isa = XCBuildConfiguration;
			buildSettings = {
				ALWAYS_EMBED_SWIFT_STANDARD_LIBRARIES = YES;
				ASSETCATALOG_COMPILER_APPICON_NAME = AppIcon;
				CODE_SIGN_ENTITLEMENTS = Excrypto/Excrypto.entitlements;
				CODE_SIGN_STYLE = Automatic;
				COMBINE_HIDPI_IMAGES = YES;
				INFOPLIST_FILE = Excrypto/Info.plist;
				LD_RUNPATH_SEARCH_PATHS = "$(inherited) @executable_path/../Frameworks";
				PRODUCT_BUNDLE_IDENTIFIER = com.prosumma.Excrypto;
				PRODUCT_NAME = "$(TARGET_NAME)";
				SWIFT_VERSION = 4.0;
			};
			name = Release;
		};
		F3A5CDD2201E85C40099034A /* Debug */ = {
			isa = XCBuildConfiguration;
			buildSettings = {
				ALWAYS_EMBED_SWIFT_STANDARD_LIBRARIES = YES;
				BUNDLE_LOADER = "$(TEST_HOST)";
				CODE_SIGN_STYLE = Automatic;
				COMBINE_HIDPI_IMAGES = YES;
				INFOPLIST_FILE = ExcryptoTests/Info.plist;
				LD_RUNPATH_SEARCH_PATHS = "$(inherited) @executable_path/../Frameworks @loader_path/../Frameworks";
				PRODUCT_BUNDLE_IDENTIFIER = com.prosumma.ExcryptoTests;
				PRODUCT_NAME = "$(TARGET_NAME)";
				SWIFT_VERSION = 4.0;
				TEST_HOST = "$(BUILT_PRODUCTS_DIR)/Excrypto.app/Contents/MacOS/Excrypto";
			};
			name = Debug;
		};
		F3A5CDD3201E85C40099034A /* Release */ = {
			isa = XCBuildConfiguration;
			buildSettings = {
				ALWAYS_EMBED_SWIFT_STANDARD_LIBRARIES = YES;
				BUNDLE_LOADER = "$(TEST_HOST)";
				CODE_SIGN_STYLE = Automatic;
				COMBINE_HIDPI_IMAGES = YES;
				INFOPLIST_FILE = ExcryptoTests/Info.plist;
				LD_RUNPATH_SEARCH_PATHS = "$(inherited) @executable_path/../Frameworks @loader_path/../Frameworks";
				PRODUCT_BUNDLE_IDENTIFIER = com.prosumma.ExcryptoTests;
				PRODUCT_NAME = "$(TARGET_NAME)";
				SWIFT_VERSION = 4.0;
				TEST_HOST = "$(BUILT_PRODUCTS_DIR)/Excrypto.app/Contents/MacOS/Excrypto";
			};
			name = Release;
		};
/* End XCBuildConfiguration section */

/* Begin XCConfigurationList section */
		F3A5CDAE201E85C30099034A /* Build configuration list for PBXProject "Excrypto" */ = {
			isa = XCConfigurationList;
			buildConfigurations = (
				F3A5CDCC201E85C40099034A /* Debug */,
				F3A5CDCD201E85C40099034A /* Release */,
			);
			defaultConfigurationIsVisible = 0;
			defaultConfigurationName = Release;
		};
		F3A5CDCE201E85C40099034A /* Build configuration list for PBXNativeTarget "Excrypto" */ = {
			isa = XCConfigurationList;
			buildConfigurations = (
				F3A5CDCF201E85C40099034A /* Debug */,
				F3A5CDD0201E85C40099034A /* Release */,
			);
			defaultConfigurationIsVisible = 0;
			defaultConfigurationName = Release;
		};
		F3A5CDD1201E85C40099034A /* Build configuration list for PBXNativeTarget "ExcryptoTests" */ = {
			isa = XCConfigurationList;
			buildConfigurations = (
				F3A5CDD2201E85C40099034A /* Debug */,
				F3A5CDD3201E85C40099034A /* Release */,
			);
			defaultConfigurationIsVisible = 0;
			defaultConfigurationName = Release;
		};
/* End XCConfigurationList section */
	};
	rootObject = F3A5CDAB201E85C30099034A /* Project object */;
}
